
Microsoft Visual Studio Solution File, Format Version 12.00
# Visual Studio Version 17
VisualStudioVersion = 17.3.32825.248
MinimumVisualStudioVersion = 10.0.40219.1
Project("{2150E333-8FDC-42A3-9474-1A3956D46DE8}") = "src", "src", "{EC6CEB8D-5132-4E53-96F7-BC71DD73872B}"
EndProject
Project("{2150E333-8FDC-42A3-9474-1A3956D46DE8}") = "corePackages", "corePackages", "{84A7B420-634A-4A45-B624-180241920D82}"
EndProject
Project("{2150E333-8FDC-42A3-9474-1A3956D46DE8}") = "kodlamaIoDevs", "kodlamaIoDevs", "{12985AE5-AB18-42A3-95BF-1489E4A9F689}"
EndProject
Project("{FAE04EC0-301F-11D3-BF4B-00C04F79EFBC}") = "Core.Application", "src\corePackages\Core.Application\Core.Application.csproj", "{F0542A42-5E59-4D24-A2E1-10AF08F1C5B2}"
EndProject
Project("{FAE04EC0-301F-11D3-BF4B-00C04F79EFBC}") = "Core.CrossCuttingConcerns", "src\corePackages\Core.CrossCuttingConcerns\Core.CrossCuttingConcerns.csproj", "{197472C2-8A5A-463E-A7B7-951D5FAFA000}"
EndProject
Project("{FAE04EC0-301F-11D3-BF4B-00C04F79EFBC}") = "Core.ElasticSearch", "src\corePackages\Core.ElasticSearch\Core.ElasticSearch.csproj", "{B385BBD6-821B-49F5-95B0-961BEC18ECB7}"
EndProject
Project("{FAE04EC0-301F-11D3-BF4B-00C04F79EFBC}") = "Core.Mailing", "src\corePackages\Core.Mailing\Core.Mailing.csproj", "{3EEC0599-75F9-48A1-973B-A28C1D4E4AB6}"
EndProject
Project("{FAE04EC0-301F-11D3-BF4B-00C04F79EFBC}") = "Core.Persistence", "src\corePackages\Core.Persistence\Core.Persistence.csproj", "{6DED4093-ACAD-4DDA-88B1-7E6D26BFCC6D}"
EndProject
Project("{FAE04EC0-301F-11D3-BF4B-00C04F79EFBC}") = "Core.Security", "src\corePackages\Core.Security\Core.Security.csproj", "{B67C55D9-C035-44AB-B137-1E604E3E60EB}"
EndProject
Project("{FAE04EC0-301F-11D3-BF4B-00C04F79EFBC}") = "Application", "src\kodlamaIoDevs\Application\Application.csproj", "{B3AB17A2-E9B5-4EFC-A5BD-AB0BD869517A}"
EndProject
Project("{FAE04EC0-301F-11D3-BF4B-00C04F79EFBC}") = "Domain", "src\kodlamaIoDevs\Domain\Domain.csproj", "{2F447912-1BC1-406F-B63E-A36D2DDA5D14}"
EndProject
Project("{FAE04EC0-301F-11D3-BF4B-00C04F79EFBC}") = "Infrastructure", "src\kodlamaIoDevs\Infrastructure\Infrastructure.csproj", "{192D522F-179F-4C33-90A0-5A220DADFD90}"
EndProject
Project("{FAE04EC0-301F-11D3-BF4B-00C04F79EFBC}") = "Persistence", "src\kodlamaIoDevs\Persistence\Persistence.csproj", "{E3BAFBA3-1D57-4282-91BE-517EDE771156}"
EndProject
Project("{FAE04EC0-301F-11D3-BF4B-00C04F79EFBC}") = "WebAPI", "src\kodlamaIoDevs\WebAPI\WebAPI.csproj", "{9CD753E4-9C19-4CDA-BBDB-85F55F909350}"
EndProject
Global
	GlobalSection(SolutionConfigurationPlatforms) = preSolution
		Debug|Any CPU = Debug|Any CPU
		Release|Any CPU = Release|Any CPU
	EndGlobalSection
	GlobalSection(ProjectConfigurationPlatforms) = postSolution
		{F0542A42-5E59-4D24-A2E1-10AF08F1C5B2}.Debug|Any CPU.ActiveCfg = Debug|Any CPU
		{F0542A42-5E59-4D24-A2E1-10AF08F1C5B2}.Debug|Any CPU.Build.0 = Debug|Any CPU
		{F0542A42-5E59-4D24-A2E1-10AF08F1C5B2}.Release|Any CPU.ActiveCfg = Release|Any CPU
		{F0542A42-5E59-4D24-A2E1-10AF08F1C5B2}.Release|Any CPU.Build.0 = Release|Any CPU
		{197472C2-8A5A-463E-A7B7-951D5FAFA000}.Debug|Any CPU.ActiveCfg = Debug|Any CPU
		{197472C2-8A5A-463E-A7B7-951D5FAFA000}.Debug|Any CPU.Build.0 = Debug|Any CPU
		{197472C2-8A5A-463E-A7B7-951D5FAFA000}.Release|Any CPU.ActiveCfg = Release|Any CPU
		{197472C2-8A5A-463E-A7B7-951D5FAFA000}.Release|Any CPU.Build.0 = Release|Any CPU
		{B385BBD6-821B-49F5-95B0-961BEC18ECB7}.Debug|Any CPU.ActiveCfg = Debug|Any CPU
		{B385BBD6-821B-49F5-95B0-961BEC18ECB7}.Debug|Any CPU.Build.0 = Debug|Any CPU
		{B385BBD6-821B-49F5-95B0-961BEC18ECB7}.Release|Any CPU.ActiveCfg = Release|Any CPU
		{B385BBD6-821B-49F5-95B0-961BEC18ECB7}.Release|Any CPU.Build.0 = Release|Any CPU
		{3EEC0599-75F9-48A1-973B-A28C1D4E4AB6}.Debug|Any CPU.ActiveCfg = Debug|Any CPU
		{3EEC0599-75F9-48A1-973B-A28C1D4E4AB6}.Debug|Any CPU.Build.0 = Debug|Any CPU
		{3EEC0599-75F9-48A1-973B-A28C1D4E4AB6}.Release|Any CPU.ActiveCfg = Release|Any CPU
		{3EEC0599-75F9-48A1-973B-A28C1D4E4AB6}.Release|Any CPU.Build.0 = Release|Any CPU
		{6DED4093-ACAD-4DDA-88B1-7E6D26BFCC6D}.Debug|Any CPU.ActiveCfg = Debug|Any CPU
		{6DED4093-ACAD-4DDA-88B1-7E6D26BFCC6D}.Debug|Any CPU.Build.0 = Debug|Any CPU
		{6DED4093-ACAD-4DDA-88B1-7E6D26BFCC6D}.Release|Any CPU.ActiveCfg = Release|Any CPU
		{6DED4093-ACAD-4DDA-88B1-7E6D26BFCC6D}.Release|Any CPU.Build.0 = Release|Any CPU
		{B67C55D9-C035-44AB-B137-1E604E3E60EB}.Debug|Any CPU.ActiveCfg = Debug|Any CPU
		{B67C55D9-C035-44AB-B137-1E604E3E60EB}.Debug|Any CPU.Build.0 = Debug|Any CPU
		{B67C55D9-C035-44AB-B137-1E604E3E60EB}.Release|Any CPU.ActiveCfg = Release|Any CPU
		{B67C55D9-C035-44AB-B137-1E604E3E60EB}.Release|Any CPU.Build.0 = Release|Any CPU
		{B3AB17A2-E9B5-4EFC-A5BD-AB0BD869517A}.Debug|Any CPU.ActiveCfg = Debug|Any CPU
		{B3AB17A2-E9B5-4EFC-A5BD-AB0BD869517A}.Debug|Any CPU.Build.0 = Debug|Any CPU
		{B3AB17A2-E9B5-4EFC-A5BD-AB0BD869517A}.Release|Any CPU.ActiveCfg = Release|Any CPU
		{B3AB17A2-E9B5-4EFC-A5BD-AB0BD869517A}.Release|Any CPU.Build.0 = Release|Any CPU
		{2F447912-1BC1-406F-B63E-A36D2DDA5D14}.Debug|Any CPU.ActiveCfg = Debug|Any CPU
		{2F447912-1BC1-406F-B63E-A36D2DDA5D14}.Debug|Any CPU.Build.0 = Debug|Any CPU
		{2F447912-1BC1-406F-B63E-A36D2DDA5D14}.Release|Any CPU.ActiveCfg = Release|Any CPU
		{2F447912-1BC1-406F-B63E-A36D2DDA5D14}.Release|Any CPU.Build.0 = Release|Any CPU
		{192D522F-179F-4C33-90A0-5A220DADFD90}.Debug|Any CPU.ActiveCfg = Debug|Any CPU
		{192D522F-179F-4C33-90A0-5A220DADFD90}.Debug|Any CPU.Build.0 = Debug|Any CPU
		{192D522F-179F-4C33-90A0-5A220DADFD90}.Release|Any CPU.ActiveCfg = Release|Any CPU
		{192D522F-179F-4C33-90A0-5A220DADFD90}.Release|Any CPU.Build.0 = Release|Any CPU
		{E3BAFBA3-1D57-4282-91BE-517EDE771156}.Debug|Any CPU.ActiveCfg = Debug|Any CPU
		{E3BAFBA3-1D57-4282-91BE-517EDE771156}.Debug|Any CPU.Build.0 = Debug|Any CPU
		{E3BAFBA3-1D57-4282-91BE-517EDE771156}.Release|Any CPU.ActiveCfg = Release|Any CPU
		{E3BAFBA3-1D57-4282-91BE-517EDE771156}.Release|Any CPU.Build.0 = Release|Any CPU
		{9CD753E4-9C19-4CDA-BBDB-85F55F909350}.Debug|Any CPU.ActiveCfg = Debug|Any CPU
		{9CD753E4-9C19-4CDA-BBDB-85F55F909350}.Debug|Any CPU.Build.0 = Debug|Any CPU
		{9CD753E4-9C19-4CDA-BBDB-85F55F909350}.Release|Any CPU.ActiveCfg = Release|Any CPU
		{9CD753E4-9C19-4CDA-BBDB-85F55F909350}.Release|Any CPU.Build.0 = Release|Any CPU
	EndGlobalSection
	GlobalSection(SolutionProperties) = preSolution
		HideSolutionNode = FALSE
	EndGlobalSection
	GlobalSection(NestedProjects) = preSolution
		{84A7B420-634A-4A45-B624-180241920D82} = {EC6CEB8D-5132-4E53-96F7-BC71DD73872B}
		{12985AE5-AB18-42A3-95BF-1489E4A9F689} = {EC6CEB8D-5132-4E53-96F7-BC71DD73872B}
		{F0542A42-5E59-4D24-A2E1-10AF08F1C5B2} = {84A7B420-634A-4A45-B624-180241920D82}
		{197472C2-8A5A-463E-A7B7-951D5FAFA000} = {84A7B420-634A-4A45-B624-180241920D82}
		{B385BBD6-821B-49F5-95B0-961BEC18ECB7} = {84A7B420-634A-4A45-B624-180241920D82}
		{3EEC0599-75F9-48A1-973B-A28C1D4E4AB6} = {84A7B420-634A-4A45-B624-180241920D82}
		{6DED4093-ACAD-4DDA-88B1-7E6D26BFCC6D} = {84A7B420-634A-4A45-B624-180241920D82}
		{B67C55D9-C035-44AB-B137-1E604E3E60EB} = {84A7B420-634A-4A45-B624-180241920D82}
		{B3AB17A2-E9B5-4EFC-A5BD-AB0BD869517A} = {12985AE5-AB18-42A3-95BF-1489E4A9F689}
		{2F447912-1BC1-406F-B63E-A36D2DDA5D14} = {12985AE5-AB18-42A3-95BF-1489E4A9F689}
		{192D522F-179F-4C33-90A0-5A220DADFD90} = {12985AE5-AB18-42A3-95BF-1489E4A9F689}
		{E3BAFBA3-1D57-4282-91BE-517EDE771156} = {12985AE5-AB18-42A3-95BF-1489E4A9F689}
		{9CD753E4-9C19-4CDA-BBDB-85F55F909350} = {12985AE5-AB18-42A3-95BF-1489E4A9F689}
	EndGlobalSection
	GlobalSection(ExtensibilityGlobals) = postSolution
		SolutionGuid = {09816D82-C603-4804-A868-02798CA9AB0B}
	EndGlobalSection
EndGlobal
